schema: '2.0'
stages:
  data_ingestion:
    cmd: python .\src\data\data_ingestion.py
    deps:
    - path: .\src\data\data_ingestion.py
      hash: md5
      md5: 71d5b5d3e7ae30d58cbc373ccad4f2f1
      size: 2873
    params:
      params.yaml:
        data_ingestion.test_size: 0.25
    outs:
    - path: data/raw
      hash: md5
      md5: 4ea4c049f0a18d53b81102c74dae222d.dir
      size: 827973
      nfiles: 2
  data_preprocessing:
    cmd: python .\src\data\data_preprocessing.py
    deps:
    - path: .\data\raw\
      hash: md5
      md5: 4ea4c049f0a18d53b81102c74dae222d.dir
      size: 827973
      nfiles: 2
    - path: .\src\data\data_preprocessing.py
      hash: md5
      md5: 162579e60784b7a27a2faa9428a64853
      size: 3581
    outs:
    - path: .\data\interim\
      hash: md5
      md5: 46b5deaf5201c1059b5446b73e3b3945.dir
      size: 538312
      nfiles: 2
  feature_engineering:
    cmd: python .\src\features\feature_engineering.py
    deps:
    - path: .\data\interim\
      hash: md5
      md5: 46b5deaf5201c1059b5446b73e3b3945.dir
      size: 538312
      nfiles: 2
    - path: .\src\features\feature_engineering.py
      hash: md5
      md5: 5bb063aadeee857ef3e632ab8031d886
      size: 2583
    params:
      params.yaml:
        feature_engineering.max_features: 10000
    outs:
    - path: .\data\processed\
      hash: md5
      md5: dbae08b66c3faf47202a82d35be32cc6.dir
      size: 207647188
      nfiles: 2
  model_building:
    cmd: python .\src\model\model_building.py
    deps:
    - path: .\data\processed\
      hash: md5
      md5: dbae08b66c3faf47202a82d35be32cc6.dir
      size: 207647188
      nfiles: 2
    - path: .\src\model\model_building.py
      hash: md5
      md5: 41f745537b64ed9a7d35f3791eb81efa
      size: 2914
    params:
      params.yaml:
        model_building.eval_metric: logloss
        model_building.learning_rate: 0.08
        model_building.max_depth: 6
        model_building.n_estimators: 400
    outs:
    - path: .\models\xgb_model.pkl
      hash: md5
      md5: 472764f7e7f8266a4b1046ae58a8f9f5
      size: 845657
  model_evaluation:
    cmd: python .\src\model\model_evaluation.py
    deps:
    - path: .\data\processed\
      hash: md5
      md5: dbae08b66c3faf47202a82d35be32cc6.dir
      size: 207647188
      nfiles: 2
    - path: .\models\xgb_model.pkl
      hash: md5
      md5: 472764f7e7f8266a4b1046ae58a8f9f5
      size: 845657
    outs:
    - path: results/evaluation_metrics.json
      hash: md5
      md5: 3078d5a42d807f59f71f1cb819a1b60f
      size: 169
